<?xml version="1.0" encoding="utf-8"?>
<Project ToolsVersion="4.0" xmlns="http://schemas.microsoft.com/developer/msbuild/2003">
  <ItemGroup>
    <Filter Include="Framework">
      <UniqueIdentifier>{67DA6AB6-F800-4c08-8B7A-83BB121AAD01}</UniqueIdentifier>
      <Extensions>rc;ico;cur;bmp;dlg;rc2;rct;bin;rgs;gif;jpg;jpeg;jpe;resx;tiff;tif;png;wav;mfcribbon-ms</Extensions>
    </Filter>
    <Filter Include="World">
      <UniqueIdentifier>{39b67da7-af8f-43f7-a68b-77e684e1760c}</UniqueIdentifier>
    </Filter>
    <Filter Include="Entities">
      <UniqueIdentifier>{c3332b1a-2f0a-433b-aa5b-ee0bc2960a20}</UniqueIdentifier>
    </Filter>
  </ItemGroup>
  <ItemGroup>
    <ClCompile Include="Main_Windows.cpp">
      <Filter>Framework</Filter>
    </ClCompile>
    <ClCompile Include="App.cpp">
      <Filter>Framework</Filter>
    </ClCompile>
    <ClCompile Include="Entity.cpp">
      <Filter>Entities</Filter>
    </ClCompile>
    <ClCompile Include="GameCommon.cpp">
      <Filter>Framework</Filter>
    </ClCompile>
    <ClCompile Include="Map.cpp">
      <Filter>World</Filter>
    </ClCompile>
    <ClCompile Include="Tile.cpp">
      <Filter>World</Filter>
    </ClCompile>
    <ClCompile Include="Player.cpp">
      <Filter>Entities</Filter>
    </ClCompile>
    <ClCompile Include="Game.cpp">
      <Filter>Framework</Filter>
    </ClCompile>
    <ClCompile Include="Scorpio.cpp">
      <Filter>Entities</Filter>
    </ClCompile>
    <ClCompile Include="Leo.cpp">
      <Filter>Entities</Filter>
    </ClCompile>
    <ClCompile Include="Aries.cpp">
      <Filter>Entities</Filter>
    </ClCompile>
    <ClCompile Include="Bullet.cpp">
      <Filter>Entities</Filter>
    </ClCompile>
    <ClCompile Include="Main.cpp">
      <Filter>Framework</Filter>
    </ClCompile>
    <ClCompile Include="Capricorn.cpp">
      <Filter>Entities</Filter>
    </ClCompile>
    <ClCompile Include="Missile.cpp">
      <Filter>Entities</Filter>
    </ClCompile>
    <ClCompile Include="Explosions.cpp">
      <Filter>Entities</Filter>
    </ClCompile>
  </ItemGroup>
  <ItemGroup>
    <ClInclude Include="App.hpp">
      <Filter>Framework</Filter>
    </ClInclude>
    <ClInclude Include="Entity.hpp">
      <Filter>Entities</Filter>
    </ClInclude>
    <ClInclude Include="EngineBuildPreferences.hpp">
      <Filter>Framework</Filter>
    </ClInclude>
    <ClInclude Include="GameCommon.hpp">
      <Filter>Framework</Filter>
    </ClInclude>
    <ClInclude Include="Map.hpp">
      <Filter>World</Filter>
    </ClInclude>
    <ClInclude Include="Tile.hpp">
      <Filter>World</Filter>
    </ClInclude>
    <ClInclude Include="Player.hpp">
      <Filter>Entities</Filter>
    </ClInclude>
    <ClInclude Include="Game.hpp">
      <Filter>Framework</Filter>
    </ClInclude>
    <ClInclude Include="Scorpio.hpp">
      <Filter>Entities</Filter>
    </ClInclude>
    <ClInclude Include="Leo.hpp">
      <Filter>Entities</Filter>
    </ClInclude>
    <ClInclude Include="Aries.hpp">
      <Filter>Entities</Filter>
    </ClInclude>
    <ClInclude Include="Bullet.hpp">
      <Filter>Entities</Filter>
    </ClInclude>
    <ClInclude Include="Main.hpp">
      <Filter>Framework</Filter>
    </ClInclude>
    <ClInclude Include="Capricorn.hpp">
      <Filter>Entities</Filter>
    </ClInclude>
    <ClInclude Include="Missile.hpp">
      <Filter>Entities</Filter>
    </ClInclude>
    <ClInclude Include="Explosions.hpp">
      <Filter>Entities</Filter>
    </ClInclude>
  </ItemGroup>
</Project>